
Microsoft Visual Studio Solution File, Format Version 12.00
# Visual Studio Version 17
VisualStudioVersion = 17.0.31903.59
MinimumVisualStudioVersion = 10.0.40219.1
Project("{2150E333-8FDC-42A3-9474-1A3956D46DE8}") = "src", "src", "{827E0CD3-B72D-47B6-A68D-7590B98EB39B}"
EndProject
Project("{FAE04EC0-301F-11D3-BF4B-00C04F79EFBC}") = "FnMusic.App", "src\FnMusic.App\FnMusic.App.csproj", "{AB2C27FE-722B-49BE-8CB7-94F7B1D27B06}"
EndProject
Project("{FAE04EC0-301F-11D3-BF4B-00C04F79EFBC}") = "FnMusic.Infrastructure", "src\FnMusic.Infrastructure\FnMusic.Infrastructure.csproj", "{AA4BC02B-9097-4768-A8BD-2C9209AF4929}"
EndProject
Project("{FAE04EC0-301F-11D3-BF4B-00C04F79EFBC}") = "FnMusic.Core", "src\FnMusic.Core\FnMusic.Core.csproj", "{556223B4-97DA-4F51-984D-CC5731334968}"
EndProject
Project("{FAE04EC0-301F-11D3-BF4B-00C04F79EFBC}") = "FnMusic.Windows", "src\FnMusic.Windows\FnMusic.Windows.csproj", "{A2A4C041-BEC4-4CB6-B5C3-DAA1D772F7B5}"
EndProject
Project("{2150E333-8FDC-42A3-9474-1A3956D46DE8}") = "tests", "tests", "{0AB3BF05-4346-4AA6-1389-037BE0695223}"
EndProject
Project("{FAE04EC0-301F-11D3-BF4B-00C04F79EFBC}") = "FnMusic.Tests", "tests\FnMusic.Tests\FnMusic.Tests.csproj", "{7609A19A-FFAC-479E-8C2A-D81A6110E6A2}"
EndProject
Global
	GlobalSection(SolutionConfigurationPlatforms) = preSolution
		Debug|Any CPU = Debug|Any CPU
		Debug|x64 = Debug|x64
		Debug|x86 = Debug|x86
		Release|Any CPU = Release|Any CPU
		Release|x64 = Release|x64
		Release|x86 = Release|x86
	EndGlobalSection
	GlobalSection(ProjectConfigurationPlatforms) = postSolution
		{AB2C27FE-722B-49BE-8CB7-94F7B1D27B06}.Debug|Any CPU.ActiveCfg = Debug|Any CPU
		{AB2C27FE-722B-49BE-8CB7-94F7B1D27B06}.Debug|Any CPU.Build.0 = Debug|Any CPU
		{AB2C27FE-722B-49BE-8CB7-94F7B1D27B06}.Debug|x64.ActiveCfg = Debug|Any CPU
		{AB2C27FE-722B-49BE-8CB7-94F7B1D27B06}.Debug|x64.Build.0 = Debug|Any CPU
		{AB2C27FE-722B-49BE-8CB7-94F7B1D27B06}.Debug|x86.ActiveCfg = Debug|Any CPU
		{AB2C27FE-722B-49BE-8CB7-94F7B1D27B06}.Debug|x86.Build.0 = Debug|Any CPU
		{AB2C27FE-722B-49BE-8CB7-94F7B1D27B06}.Release|Any CPU.ActiveCfg = Release|Any CPU
		{AB2C27FE-722B-49BE-8CB7-94F7B1D27B06}.Release|Any CPU.Build.0 = Release|Any CPU
		{AB2C27FE-722B-49BE-8CB7-94F7B1D27B06}.Release|x64.ActiveCfg = Release|Any CPU
		{AB2C27FE-722B-49BE-8CB7-94F7B1D27B06}.Release|x64.Build.0 = Release|Any CPU
		{AB2C27FE-722B-49BE-8CB7-94F7B1D27B06}.Release|x86.ActiveCfg = Release|Any CPU
		{AB2C27FE-722B-49BE-8CB7-94F7B1D27B06}.Release|x86.Build.0 = Release|Any CPU
		{AA4BC02B-9097-4768-A8BD-2C9209AF4929}.Debug|Any CPU.ActiveCfg = Debug|Any CPU
		{AA4BC02B-9097-4768-A8BD-2C9209AF4929}.Debug|Any CPU.Build.0 = Debug|Any CPU
		{AA4BC02B-9097-4768-A8BD-2C9209AF4929}.Debug|x64.ActiveCfg = Debug|Any CPU
		{AA4BC02B-9097-4768-A8BD-2C9209AF4929}.Debug|x64.Build.0 = Debug|Any CPU
		{AA4BC02B-9097-4768-A8BD-2C9209AF4929}.Debug|x86.ActiveCfg = Debug|Any CPU
		{AA4BC02B-9097-4768-A8BD-2C9209AF4929}.Debug|x86.Build.0 = Debug|Any CPU
		{AA4BC02B-9097-4768-A8BD-2C9209AF4929}.Release|Any CPU.ActiveCfg = Release|Any CPU
		{AA4BC02B-9097-4768-A8BD-2C9209AF4929}.Release|Any CPU.Build.0 = Release|Any CPU
		{AA4BC02B-9097-4768-A8BD-2C9209AF4929}.Release|x64.ActiveCfg = Release|Any CPU
		{AA4BC02B-9097-4768-A8BD-2C9209AF4929}.Release|x64.Build.0 = Release|Any CPU
		{AA4BC02B-9097-4768-A8BD-2C9209AF4929}.Release|x86.ActiveCfg = Release|Any CPU
		{AA4BC02B-9097-4768-A8BD-2C9209AF4929}.Release|x86.Build.0 = Release|Any CPU
		{556223B4-97DA-4F51-984D-CC5731334968}.Debug|Any CPU.ActiveCfg = Debug|Any CPU
		{556223B4-97DA-4F51-984D-CC5731334968}.Debug|Any CPU.Build.0 = Debug|Any CPU
		{556223B4-97DA-4F51-984D-CC5731334968}.Debug|x64.ActiveCfg = Debug|Any CPU
		{556223B4-97DA-4F51-984D-CC5731334968}.Debug|x64.Build.0 = Debug|Any CPU
		{556223B4-97DA-4F51-984D-CC5731334968}.Debug|x86.ActiveCfg = Debug|Any CPU
		{556223B4-97DA-4F51-984D-CC5731334968}.Debug|x86.Build.0 = Debug|Any CPU
		{556223B4-97DA-4F51-984D-CC5731334968}.Release|Any CPU.ActiveCfg = Release|Any CPU
		{556223B4-97DA-4F51-984D-CC5731334968}.Release|Any CPU.Build.0 = Release|Any CPU
		{556223B4-97DA-4F51-984D-CC5731334968}.Release|x64.ActiveCfg = Release|Any CPU
		{556223B4-97DA-4F51-984D-CC5731334968}.Release|x64.Build.0 = Release|Any CPU
		{556223B4-97DA-4F51-984D-CC5731334968}.Release|x86.ActiveCfg = Release|Any CPU
		{556223B4-97DA-4F51-984D-CC5731334968}.Release|x86.Build.0 = Release|Any CPU
		{A2A4C041-BEC4-4CB6-B5C3-DAA1D772F7B5}.Debug|Any CPU.ActiveCfg = Debug|Any CPU
		{A2A4C041-BEC4-4CB6-B5C3-DAA1D772F7B5}.Debug|Any CPU.Build.0 = Debug|Any CPU
		{A2A4C041-BEC4-4CB6-B5C3-DAA1D772F7B5}.Debug|x64.ActiveCfg = Debug|Any CPU
		{A2A4C041-BEC4-4CB6-B5C3-DAA1D772F7B5}.Debug|x64.Build.0 = Debug|Any CPU
		{A2A4C041-BEC4-4CB6-B5C3-DAA1D772F7B5}.Debug|x86.ActiveCfg = Debug|Any CPU
		{A2A4C041-BEC4-4CB6-B5C3-DAA1D772F7B5}.Debug|x86.Build.0 = Debug|Any CPU
		{A2A4C041-BEC4-4CB6-B5C3-DAA1D772F7B5}.Release|Any CPU.ActiveCfg = Release|Any CPU
		{A2A4C041-BEC4-4CB6-B5C3-DAA1D772F7B5}.Release|Any CPU.Build.0 = Release|Any CPU
		{A2A4C041-BEC4-4CB6-B5C3-DAA1D772F7B5}.Release|x64.ActiveCfg = Release|Any CPU
		{A2A4C041-BEC4-4CB6-B5C3-DAA1D772F7B5}.Release|x64.Build.0 = Release|Any CPU
		{A2A4C041-BEC4-4CB6-B5C3-DAA1D772F7B5}.Release|x86.ActiveCfg = Release|Any CPU
		{A2A4C041-BEC4-4CB6-B5C3-DAA1D772F7B5}.Release|x86.Build.0 = Release|Any CPU
		{7609A19A-FFAC-479E-8C2A-D81A6110E6A2}.Debug|Any CPU.ActiveCfg = Debug|Any CPU
		{7609A19A-FFAC-479E-8C2A-D81A6110E6A2}.Debug|Any CPU.Build.0 = Debug|Any CPU
		{7609A19A-FFAC-479E-8C2A-D81A6110E6A2}.Debug|x64.ActiveCfg = Debug|Any CPU
		{7609A19A-FFAC-479E-8C2A-D81A6110E6A2}.Debug|x64.Build.0 = Debug|Any CPU
		{7609A19A-FFAC-479E-8C2A-D81A6110E6A2}.Debug|x86.ActiveCfg = Debug|Any CPU
		{7609A19A-FFAC-479E-8C2A-D81A6110E6A2}.Debug|x86.Build.0 = Debug|Any CPU
		{7609A19A-FFAC-479E-8C2A-D81A6110E6A2}.Release|Any CPU.ActiveCfg = Release|Any CPU
		{7609A19A-FFAC-479E-8C2A-D81A6110E6A2}.Release|Any CPU.Build.0 = Release|Any CPU
		{7609A19A-FFAC-479E-8C2A-D81A6110E6A2}.Release|x64.ActiveCfg = Release|Any CPU
		{7609A19A-FFAC-479E-8C2A-D81A6110E6A2}.Release|x64.Build.0 = Release|Any CPU
		{7609A19A-FFAC-479E-8C2A-D81A6110E6A2}.Release|x86.ActiveCfg = Release|Any CPU
		{7609A19A-FFAC-479E-8C2A-D81A6110E6A2}.Release|x86.Build.0 = Release|Any CPU
	EndGlobalSection
	GlobalSection(SolutionProperties) = preSolution
		HideSolutionNode = FALSE
	EndGlobalSection
	GlobalSection(NestedProjects) = preSolution
		{AB2C27FE-722B-49BE-8CB7-94F7B1D27B06} = {827E0CD3-B72D-47B6-A68D-7590B98EB39B}
		{AA4BC02B-9097-4768-A8BD-2C9209AF4929} = {827E0CD3-B72D-47B6-A68D-7590B98EB39B}
		{556223B4-97DA-4F51-984D-CC5731334968} = {827E0CD3-B72D-47B6-A68D-7590B98EB39B}
		{A2A4C041-BEC4-4CB6-B5C3-DAA1D772F7B5} = {827E0CD3-B72D-47B6-A68D-7590B98EB39B}
		{7609A19A-FFAC-479E-8C2A-D81A6110E6A2} = {0AB3BF05-4346-4AA6-1389-037BE0695223}
	EndGlobalSection
EndGlobal
